{
  "requires": true,
  "lockfileVersion": 1,
  "dependencies": {
    "coc-lists": {
      "version": "1.3.16",
      "resolved": "https://registry.npmjs.org/coc-lists/-/coc-lists-1.3.16.tgz",
      "integrity": "sha512-6m/LCFHcnFdbJoFnrkzj8OhBvcFl491eYG0247Gti/u2iQCVj2X8RRxdxcGbDh4tR5OEPZdQPcd6YMDbtphPSg=="
    }
  }
}
